
Microsoft Visual Studio Solution File, Format Version 12.00
# Visual Studio Version 16
VisualStudioVersion = 16.0.31005.135
MinimumVisualStudioVersion = 10.0.40219.1
Project("{FAE04EC0-301F-11D3-BF4B-00C04F79EFBC}") = "SchoolAPI", "SchoolAPI\SchoolAPI.csproj", "{A72D7D12-CEE4-4D79-BFA9-A46798279C43}"
EndProject
Global
	GlobalSection(SolutionConfigurationPlatforms) = preSolution
		Debug|Any CPU = Debug|Any CPU
		Release|Any CPU = Release|Any CPU
	EndGlobalSection
	GlobalSection(ProjectConfigurationPlatforms) = postSolution
		{A72D7D12-CEE4-4D79-BFA9-A46798279C43}.Debug|Any CPU.ActiveCfg = Debug|Any CPU
		{A72D7D12-CEE4-4D79-BFA9-A46798279C43}.Debug|Any CPU.Build.0 = Debug|Any CPU
		{A72D7D12-CEE4-4D79-BFA9-A46798279C43}.Release|Any CPU.ActiveCfg = Release|Any CPU
		{A72D7D12-CEE4-4D79-BFA9-A46798279C43}.Release|Any CPU.Build.0 = Release|Any CPU
	EndGlobalSection
	GlobalSection(SolutionProperties) = preSolution
		HideSolutionNode = FALSE
	EndGlobalSection
	GlobalSection(ExtensibilityGlobals) = postSolution
		SolutionGuid = {2CB51335-C3D2-44C2-830F-8AD192C4135D}
	EndGlobalSection
EndGlobal
